
Microsoft Visual Studio Solution File, Format Version 12.00
# Visual Studio Version 16
VisualStudioVersion = 16.0.32602.291
MinimumVisualStudioVersion = 10.0.40219.1
Project("{8BC9CEB8-8B4A-11D0-8D11-00A0C91BC942}") = "CGS_Algorithms", "CGS_Algorithms\CGS_Algorithms.vcxproj", "{88F44099-1C7C-4B1A-91A0-808AA4995C31}"
EndProject
Project("{8BC9CEB8-8B4A-11D0-8D11-00A0C91BC942}") = "CGS_Multithreading", "CGS_Multithreading\CGS_Multithreading.vcxproj", "{08AB872D-2852-411E-85B3-14FA81A644A5}"
EndProject
Global
	GlobalSection(SolutionConfigurationPlatforms) = preSolution
		Debug|x64 = Debug|x64
		Debug|x86 = Debug|x86
		Release|x64 = Release|x64
		Release|x86 = Release|x86
	EndGlobalSection
	GlobalSection(ProjectConfigurationPlatforms) = postSolution
		{88F44099-1C7C-4B1A-91A0-808AA4995C31}.Debug|x64.ActiveCfg = Debug|x64
		{88F44099-1C7C-4B1A-91A0-808AA4995C31}.Debug|x64.Build.0 = Debug|x64
		{88F44099-1C7C-4B1A-91A0-808AA4995C31}.Debug|x86.ActiveCfg = Debug|Win32
		{88F44099-1C7C-4B1A-91A0-808AA4995C31}.Debug|x86.Build.0 = Debug|Win32
		{88F44099-1C7C-4B1A-91A0-808AA4995C31}.Release|x64.ActiveCfg = Release|x64
		{88F44099-1C7C-4B1A-91A0-808AA4995C31}.Release|x64.Build.0 = Release|x64
		{88F44099-1C7C-4B1A-91A0-808AA4995C31}.Release|x86.ActiveCfg = Release|Win32
		{88F44099-1C7C-4B1A-91A0-808AA4995C31}.Release|x86.Build.0 = Release|Win32
		{08AB872D-2852-411E-85B3-14FA81A644A5}.Debug|x64.ActiveCfg = Debug|x64
		{08AB872D-2852-411E-85B3-14FA81A644A5}.Debug|x64.Build.0 = Debug|x64
		{08AB872D-2852-411E-85B3-14FA81A644A5}.Debug|x86.ActiveCfg = Debug|Win32
		{08AB872D-2852-411E-85B3-14FA81A644A5}.Debug|x86.Build.0 = Debug|Win32
		{08AB872D-2852-411E-85B3-14FA81A644A5}.Release|x64.ActiveCfg = Release|x64
		{08AB872D-2852-411E-85B3-14FA81A644A5}.Release|x64.Build.0 = Release|x64
		{08AB872D-2852-411E-85B3-14FA81A644A5}.Release|x86.ActiveCfg = Release|Win32
		{08AB872D-2852-411E-85B3-14FA81A644A5}.Release|x86.Build.0 = Release|Win32
	EndGlobalSection
	GlobalSection(SolutionProperties) = preSolution
		HideSolutionNode = FALSE
	EndGlobalSection
	GlobalSection(ExtensibilityGlobals) = postSolution
		SolutionGuid = {E3CA22EC-82EA-44A4-87DA-E079B6EFD9B2}
	EndGlobalSection
EndGlobal
